
Microsoft Visual Studio Solution File, Format Version 12.00
# Visual Studio Version 17
VisualStudioVersion = 17.8.34330.188
MinimumVisualStudioVersion = 10.0.40219.1
Project("{9A19103F-16F7-4668-BE54-9A1E7A4F7556}") = "BrewUp.DomainModel", "BrewUp.DomainModel\BrewUp.DomainModel.csproj", "{230E8A74-C25D-4348-8C16-A25AFFB07E78}"
EndProject
Project("{9A19103F-16F7-4668-BE54-9A1E7A4F7556}") = "BrewUp.Infrastructure", "BrewUp.Infrastructure\BrewUp.Infrastructure.csproj", "{15C8FA3A-2A24-4F9B-A0B2-ED8955256B4C}"
EndProject
Project("{9A19103F-16F7-4668-BE54-9A1E7A4F7556}") = "BrewUp.ReadModel", "BrewUp.ReadModel\BrewUp.ReadModel.csproj", "{BDDDD969-8F3D-455F-977B-6402252EBD11}"
EndProject
Project("{9A19103F-16F7-4668-BE54-9A1E7A4F7556}") = "BrewUp.Rest", "BrewUp.Rest\BrewUp.Rest.csproj", "{0E0D8289-C585-46CF-8FEE-B26749767F72}"
EndProject
Project("{9A19103F-16F7-4668-BE54-9A1E7A4F7556}") = "BrewUp.Rest.Tests", "BrewUp.Rest.Tests\BrewUp.Rest.Tests.csproj", "{66A2B01C-18C8-43C3-A9E3-C50BD7A796F1}"
EndProject
Project("{9A19103F-16F7-4668-BE54-9A1E7A4F7556}") = "BrewUp.Shared", "BrewUp.Shared\BrewUp.Shared.csproj", "{A7BC6DAD-CD40-4B37-A381-757BBEB1C10C}"
EndProject
Project("{2150E333-8FDC-42A3-9474-1A3956D46DE8}") = "Modules", "Modules", "{153FE23F-6E33-429E-96BE-B9BFE5AAD89D}"
EndProject
Project("{2150E333-8FDC-42A3-9474-1A3956D46DE8}") = "Sales", "Sales", "{DF1D0272-E121-40C6-AF57-09C8996DEDA0}"
EndProject
Project("{FAE04EC0-301F-11D3-BF4B-00C04F79EFBC}") = "BrewUp.Sales.Domain", "BrewUp.Sales.Domain\BrewUp.Sales.Domain.csproj", "{FD6AFA3F-0BCF-46D8-999B-F936DA114158}"
EndProject
Project("{2150E333-8FDC-42A3-9474-1A3956D46DE8}") = "Warehouses", "Warehouses", "{0F998B30-830C-4D2E-B235-36B80FA8EC35}"
EndProject
Project("{FAE04EC0-301F-11D3-BF4B-00C04F79EFBC}") = "BrewUp.Warehouses.Domain", "BrewUp.Warehouses.Domain\BrewUp.Warehouses.Domain.csproj", "{51DAD1FE-A46D-4086-A58D-9EFF8011F46D}"
EndProject
Project("{FAE04EC0-301F-11D3-BF4B-00C04F79EFBC}") = "BrewUp.Sales.Infrastructures", "BrewUp.Sales.Infrastructures\BrewUp.Sales.Infrastructures.csproj", "{956F2452-5685-4D77-B15B-C9B7B43200A0}"
EndProject
Global
	GlobalSection(SolutionConfigurationPlatforms) = preSolution
		Debug|Any CPU = Debug|Any CPU
		Release|Any CPU = Release|Any CPU
	EndGlobalSection
	GlobalSection(ProjectConfigurationPlatforms) = postSolution
		{230E8A74-C25D-4348-8C16-A25AFFB07E78}.Debug|Any CPU.ActiveCfg = Debug|Any CPU
		{230E8A74-C25D-4348-8C16-A25AFFB07E78}.Debug|Any CPU.Build.0 = Debug|Any CPU
		{230E8A74-C25D-4348-8C16-A25AFFB07E78}.Release|Any CPU.ActiveCfg = Release|Any CPU
		{230E8A74-C25D-4348-8C16-A25AFFB07E78}.Release|Any CPU.Build.0 = Release|Any CPU
		{15C8FA3A-2A24-4F9B-A0B2-ED8955256B4C}.Debug|Any CPU.ActiveCfg = Debug|Any CPU
		{15C8FA3A-2A24-4F9B-A0B2-ED8955256B4C}.Debug|Any CPU.Build.0 = Debug|Any CPU
		{15C8FA3A-2A24-4F9B-A0B2-ED8955256B4C}.Release|Any CPU.ActiveCfg = Release|Any CPU
		{15C8FA3A-2A24-4F9B-A0B2-ED8955256B4C}.Release|Any CPU.Build.0 = Release|Any CPU
		{BDDDD969-8F3D-455F-977B-6402252EBD11}.Debug|Any CPU.ActiveCfg = Debug|Any CPU
		{BDDDD969-8F3D-455F-977B-6402252EBD11}.Debug|Any CPU.Build.0 = Debug|Any CPU
		{BDDDD969-8F3D-455F-977B-6402252EBD11}.Release|Any CPU.ActiveCfg = Release|Any CPU
		{BDDDD969-8F3D-455F-977B-6402252EBD11}.Release|Any CPU.Build.0 = Release|Any CPU
		{0E0D8289-C585-46CF-8FEE-B26749767F72}.Debug|Any CPU.ActiveCfg = Debug|Any CPU
		{0E0D8289-C585-46CF-8FEE-B26749767F72}.Debug|Any CPU.Build.0 = Debug|Any CPU
		{0E0D8289-C585-46CF-8FEE-B26749767F72}.Release|Any CPU.ActiveCfg = Release|Any CPU
		{0E0D8289-C585-46CF-8FEE-B26749767F72}.Release|Any CPU.Build.0 = Release|Any CPU
		{66A2B01C-18C8-43C3-A9E3-C50BD7A796F1}.Debug|Any CPU.ActiveCfg = Debug|Any CPU
		{66A2B01C-18C8-43C3-A9E3-C50BD7A796F1}.Debug|Any CPU.Build.0 = Debug|Any CPU
		{66A2B01C-18C8-43C3-A9E3-C50BD7A796F1}.Release|Any CPU.ActiveCfg = Release|Any CPU
		{66A2B01C-18C8-43C3-A9E3-C50BD7A796F1}.Release|Any CPU.Build.0 = Release|Any CPU
		{A7BC6DAD-CD40-4B37-A381-757BBEB1C10C}.Debug|Any CPU.ActiveCfg = Debug|Any CPU
		{A7BC6DAD-CD40-4B37-A381-757BBEB1C10C}.Debug|Any CPU.Build.0 = Debug|Any CPU
		{A7BC6DAD-CD40-4B37-A381-757BBEB1C10C}.Release|Any CPU.ActiveCfg = Release|Any CPU
		{A7BC6DAD-CD40-4B37-A381-757BBEB1C10C}.Release|Any CPU.Build.0 = Release|Any CPU
		{FD6AFA3F-0BCF-46D8-999B-F936DA114158}.Debug|Any CPU.ActiveCfg = Debug|Any CPU
		{FD6AFA3F-0BCF-46D8-999B-F936DA114158}.Debug|Any CPU.Build.0 = Debug|Any CPU
		{FD6AFA3F-0BCF-46D8-999B-F936DA114158}.Release|Any CPU.ActiveCfg = Release|Any CPU
		{FD6AFA3F-0BCF-46D8-999B-F936DA114158}.Release|Any CPU.Build.0 = Release|Any CPU
		{51DAD1FE-A46D-4086-A58D-9EFF8011F46D}.Debug|Any CPU.ActiveCfg = Debug|Any CPU
		{51DAD1FE-A46D-4086-A58D-9EFF8011F46D}.Debug|Any CPU.Build.0 = Debug|Any CPU
		{51DAD1FE-A46D-4086-A58D-9EFF8011F46D}.Release|Any CPU.ActiveCfg = Release|Any CPU
		{51DAD1FE-A46D-4086-A58D-9EFF8011F46D}.Release|Any CPU.Build.0 = Release|Any CPU
		{956F2452-5685-4D77-B15B-C9B7B43200A0}.Debug|Any CPU.ActiveCfg = Debug|Any CPU
		{956F2452-5685-4D77-B15B-C9B7B43200A0}.Debug|Any CPU.Build.0 = Debug|Any CPU
		{956F2452-5685-4D77-B15B-C9B7B43200A0}.Release|Any CPU.ActiveCfg = Release|Any CPU
		{956F2452-5685-4D77-B15B-C9B7B43200A0}.Release|Any CPU.Build.0 = Release|Any CPU
	EndGlobalSection
	GlobalSection(SolutionProperties) = preSolution
		HideSolutionNode = FALSE
	EndGlobalSection
	GlobalSection(ExtensibilityGlobals) = postSolution
		SolutionGuid = {0D64E812-8929-4A40-AA7D-CD28DB67CA9C}
	EndGlobalSection
	GlobalSection(NestedProjects) = preSolution
		{E3AE3CD7-7ED4-4633-8090-3CD41918835C} = {66693D57-F35F-4E6D-8DBF-36DD4AB8372B}
		{59543ED8-19EA-4056-9271-173A7CB40496} = {66693D57-F35F-4E6D-8DBF-36DD4AB8372B}
		{DF1D0272-E121-40C6-AF57-09C8996DEDA0} = {153FE23F-6E33-429E-96BE-B9BFE5AAD89D}
		{FD6AFA3F-0BCF-46D8-999B-F936DA114158} = {DF1D0272-E121-40C6-AF57-09C8996DEDA0}
		{0F998B30-830C-4D2E-B235-36B80FA8EC35} = {153FE23F-6E33-429E-96BE-B9BFE5AAD89D}
		{51DAD1FE-A46D-4086-A58D-9EFF8011F46D} = {0F998B30-830C-4D2E-B235-36B80FA8EC35}
		{956F2452-5685-4D77-B15B-C9B7B43200A0} = {DF1D0272-E121-40C6-AF57-09C8996DEDA0}
	EndGlobalSection
EndGlobal
