
Microsoft Visual Studio Solution File, Format Version 12.00
# Visual Studio Version 17
VisualStudioVersion = 17.8.34330.188
MinimumVisualStudioVersion = 10.0.40219.1
Project("{9A19103F-16F7-4668-BE54-9A1E7A4F7556}") = "BrewUp.Infrastructure", "BrewUp.Infrastructure\BrewUp.Infrastructure.csproj", "{15C8FA3A-2A24-4F9B-A0B2-ED8955256B4C}"
EndProject
Project("{9A19103F-16F7-4668-BE54-9A1E7A4F7556}") = "BrewUp.Rest", "BrewUp.Rest\BrewUp.Rest.csproj", "{0E0D8289-C585-46CF-8FEE-B26749767F72}"
EndProject
Project("{9A19103F-16F7-4668-BE54-9A1E7A4F7556}") = "BrewUp.Rest.Tests", "BrewUp.Rest.Tests\BrewUp.Rest.Tests.csproj", "{66A2B01C-18C8-43C3-A9E3-C50BD7A796F1}"
EndProject
Project("{9A19103F-16F7-4668-BE54-9A1E7A4F7556}") = "BrewUp.Shared", "BrewUp.Shared\BrewUp.Shared.csproj", "{A7BC6DAD-CD40-4B37-A381-757BBEB1C10C}"
EndProject
Project("{2150E333-8FDC-42A3-9474-1A3956D46DE8}") = "02 Modules", "02 Modules", "{153FE23F-6E33-429E-96BE-B9BFE5AAD89D}"
EndProject
Project("{2150E333-8FDC-42A3-9474-1A3956D46DE8}") = "Sales", "Sales", "{DF1D0272-E121-40C6-AF57-09C8996DEDA0}"
EndProject
Project("{FAE04EC0-301F-11D3-BF4B-00C04F79EFBC}") = "BrewUp.Sales.Domain", "BrewUp.Sales.Domain\BrewUp.Sales.Domain.csproj", "{FD6AFA3F-0BCF-46D8-999B-F936DA114158}"
EndProject
Project("{2150E333-8FDC-42A3-9474-1A3956D46DE8}") = "Warehouses", "Warehouses", "{0F998B30-830C-4D2E-B235-36B80FA8EC35}"
EndProject
Project("{FAE04EC0-301F-11D3-BF4B-00C04F79EFBC}") = "BrewUp.Warehouses.Domain", "BrewUp.Warehouses.Domain\BrewUp.Warehouses.Domain.csproj", "{51DAD1FE-A46D-4086-A58D-9EFF8011F46D}"
EndProject
Project("{FAE04EC0-301F-11D3-BF4B-00C04F79EFBC}") = "BrewUp.Sales.Infrastructures", "BrewUp.Sales.Infrastructures\BrewUp.Sales.Infrastructures.csproj", "{956F2452-5685-4D77-B15B-C9B7B43200A0}"
EndProject
Project("{FAE04EC0-301F-11D3-BF4B-00C04F79EFBC}") = "BrewUp.Warehouses.Infrastructure", "BrewUp.Warehouses.Infrastructure\BrewUp.Warehouses.Infrastructure.csproj", "{08D100E3-7E5B-412A-9DF3-0E1B67B994D5}"
EndProject
Project("{FAE04EC0-301F-11D3-BF4B-00C04F79EFBC}") = "BrewUp.Warehouses.Facade", "BrewUp.Warehouses.Facade\BrewUp.Warehouses.Facade.csproj", "{3C20436D-5D1E-4A91-9CC6-F55EEAA75C29}"
EndProject
Project("{2150E333-8FDC-42A3-9474-1A3956D46DE8}") = "03 Infrastructure", "03 Infrastructure", "{77F0FE80-0985-4697-88B7-85380412E9B4}"
EndProject
Project("{2150E333-8FDC-42A3-9474-1A3956D46DE8}") = "04 Presentation", "04 Presentation", "{6738607A-7B6D-4FE3-A4B8-E4F00D8B5F90}"
EndProject
Project("{2150E333-8FDC-42A3-9474-1A3956D46DE8}") = "01 Shared", "01 Shared", "{5C1ED048-3305-4590-B20C-6B9C39AB304D}"
EndProject
Project("{FAE04EC0-301F-11D3-BF4B-00C04F79EFBC}") = "BrewUp.Sales.ReadModel", "BrewUp.Sales.ReadModel\BrewUp.Sales.ReadModel.csproj", "{6A07C055-DAFF-4411-B026-8D1F4A2F1D7B}"
EndProject
Project("{FAE04EC0-301F-11D3-BF4B-00C04F79EFBC}") = "BrewUp.Warehouse.ReadModel", "BrewUp.Warehouse.ReadModel\BrewUp.Warehouse.ReadModel.csproj", "{5AB4A382-0F0C-4CA4-9A5D-714194ACA4A4}"
EndProject
Project("{2150E333-8FDC-42A3-9474-1A3956D46DE8}") = "Mediator", "Mediator", "{458B3A36-56F0-4C73-ADD1-0710B639924C}"
EndProject
Project("{FAE04EC0-301F-11D3-BF4B-00C04F79EFBC}") = "BrewUp.Mediator", "BrewUp.Mediator\BrewUp.Mediator.csproj", "{62946790-9897-4876-96C5-227458324236}"
EndProject
Project("{FAE04EC0-301F-11D3-BF4B-00C04F79EFBC}") = "BrewUp.Sales.Facade", "BrewUp.Sales.Facade\BrewUp.Sales.Facade.csproj", "{32FF091C-6C07-4CE2-9C09-F4F87857FD05}"
EndProject
Global
	GlobalSection(SolutionConfigurationPlatforms) = preSolution
		Debug|Any CPU = Debug|Any CPU
		Release|Any CPU = Release|Any CPU
	EndGlobalSection
	GlobalSection(ProjectConfigurationPlatforms) = postSolution
		{15C8FA3A-2A24-4F9B-A0B2-ED8955256B4C}.Debug|Any CPU.ActiveCfg = Debug|Any CPU
		{15C8FA3A-2A24-4F9B-A0B2-ED8955256B4C}.Debug|Any CPU.Build.0 = Debug|Any CPU
		{15C8FA3A-2A24-4F9B-A0B2-ED8955256B4C}.Release|Any CPU.ActiveCfg = Release|Any CPU
		{15C8FA3A-2A24-4F9B-A0B2-ED8955256B4C}.Release|Any CPU.Build.0 = Release|Any CPU
		{0E0D8289-C585-46CF-8FEE-B26749767F72}.Debug|Any CPU.ActiveCfg = Debug|Any CPU
		{0E0D8289-C585-46CF-8FEE-B26749767F72}.Debug|Any CPU.Build.0 = Debug|Any CPU
		{0E0D8289-C585-46CF-8FEE-B26749767F72}.Release|Any CPU.ActiveCfg = Release|Any CPU
		{0E0D8289-C585-46CF-8FEE-B26749767F72}.Release|Any CPU.Build.0 = Release|Any CPU
		{66A2B01C-18C8-43C3-A9E3-C50BD7A796F1}.Debug|Any CPU.ActiveCfg = Debug|Any CPU
		{66A2B01C-18C8-43C3-A9E3-C50BD7A796F1}.Debug|Any CPU.Build.0 = Debug|Any CPU
		{66A2B01C-18C8-43C3-A9E3-C50BD7A796F1}.Release|Any CPU.ActiveCfg = Release|Any CPU
		{66A2B01C-18C8-43C3-A9E3-C50BD7A796F1}.Release|Any CPU.Build.0 = Release|Any CPU
		{A7BC6DAD-CD40-4B37-A381-757BBEB1C10C}.Debug|Any CPU.ActiveCfg = Debug|Any CPU
		{A7BC6DAD-CD40-4B37-A381-757BBEB1C10C}.Debug|Any CPU.Build.0 = Debug|Any CPU
		{A7BC6DAD-CD40-4B37-A381-757BBEB1C10C}.Release|Any CPU.ActiveCfg = Release|Any CPU
		{A7BC6DAD-CD40-4B37-A381-757BBEB1C10C}.Release|Any CPU.Build.0 = Release|Any CPU
		{FD6AFA3F-0BCF-46D8-999B-F936DA114158}.Debug|Any CPU.ActiveCfg = Debug|Any CPU
		{FD6AFA3F-0BCF-46D8-999B-F936DA114158}.Debug|Any CPU.Build.0 = Debug|Any CPU
		{FD6AFA3F-0BCF-46D8-999B-F936DA114158}.Release|Any CPU.ActiveCfg = Release|Any CPU
		{FD6AFA3F-0BCF-46D8-999B-F936DA114158}.Release|Any CPU.Build.0 = Release|Any CPU
		{51DAD1FE-A46D-4086-A58D-9EFF8011F46D}.Debug|Any CPU.ActiveCfg = Debug|Any CPU
		{51DAD1FE-A46D-4086-A58D-9EFF8011F46D}.Debug|Any CPU.Build.0 = Debug|Any CPU
		{51DAD1FE-A46D-4086-A58D-9EFF8011F46D}.Release|Any CPU.ActiveCfg = Release|Any CPU
		{51DAD1FE-A46D-4086-A58D-9EFF8011F46D}.Release|Any CPU.Build.0 = Release|Any CPU
		{956F2452-5685-4D77-B15B-C9B7B43200A0}.Debug|Any CPU.ActiveCfg = Debug|Any CPU
		{956F2452-5685-4D77-B15B-C9B7B43200A0}.Debug|Any CPU.Build.0 = Debug|Any CPU
		{956F2452-5685-4D77-B15B-C9B7B43200A0}.Release|Any CPU.ActiveCfg = Release|Any CPU
		{956F2452-5685-4D77-B15B-C9B7B43200A0}.Release|Any CPU.Build.0 = Release|Any CPU
		{08D100E3-7E5B-412A-9DF3-0E1B67B994D5}.Debug|Any CPU.ActiveCfg = Debug|Any CPU
		{08D100E3-7E5B-412A-9DF3-0E1B67B994D5}.Debug|Any CPU.Build.0 = Debug|Any CPU
		{08D100E3-7E5B-412A-9DF3-0E1B67B994D5}.Release|Any CPU.ActiveCfg = Release|Any CPU
		{08D100E3-7E5B-412A-9DF3-0E1B67B994D5}.Release|Any CPU.Build.0 = Release|Any CPU
		{3C20436D-5D1E-4A91-9CC6-F55EEAA75C29}.Debug|Any CPU.ActiveCfg = Debug|Any CPU
		{3C20436D-5D1E-4A91-9CC6-F55EEAA75C29}.Debug|Any CPU.Build.0 = Debug|Any CPU
		{3C20436D-5D1E-4A91-9CC6-F55EEAA75C29}.Release|Any CPU.ActiveCfg = Release|Any CPU
		{3C20436D-5D1E-4A91-9CC6-F55EEAA75C29}.Release|Any CPU.Build.0 = Release|Any CPU
		{6A07C055-DAFF-4411-B026-8D1F4A2F1D7B}.Debug|Any CPU.ActiveCfg = Debug|Any CPU
		{6A07C055-DAFF-4411-B026-8D1F4A2F1D7B}.Debug|Any CPU.Build.0 = Debug|Any CPU
		{6A07C055-DAFF-4411-B026-8D1F4A2F1D7B}.Release|Any CPU.ActiveCfg = Release|Any CPU
		{6A07C055-DAFF-4411-B026-8D1F4A2F1D7B}.Release|Any CPU.Build.0 = Release|Any CPU
		{5AB4A382-0F0C-4CA4-9A5D-714194ACA4A4}.Debug|Any CPU.ActiveCfg = Debug|Any CPU
		{5AB4A382-0F0C-4CA4-9A5D-714194ACA4A4}.Debug|Any CPU.Build.0 = Debug|Any CPU
		{5AB4A382-0F0C-4CA4-9A5D-714194ACA4A4}.Release|Any CPU.ActiveCfg = Release|Any CPU
		{5AB4A382-0F0C-4CA4-9A5D-714194ACA4A4}.Release|Any CPU.Build.0 = Release|Any CPU
		{62946790-9897-4876-96C5-227458324236}.Debug|Any CPU.ActiveCfg = Debug|Any CPU
		{62946790-9897-4876-96C5-227458324236}.Debug|Any CPU.Build.0 = Debug|Any CPU
		{62946790-9897-4876-96C5-227458324236}.Release|Any CPU.ActiveCfg = Release|Any CPU
		{62946790-9897-4876-96C5-227458324236}.Release|Any CPU.Build.0 = Release|Any CPU
		{32FF091C-6C07-4CE2-9C09-F4F87857FD05}.Debug|Any CPU.ActiveCfg = Debug|Any CPU
		{32FF091C-6C07-4CE2-9C09-F4F87857FD05}.Debug|Any CPU.Build.0 = Debug|Any CPU
		{32FF091C-6C07-4CE2-9C09-F4F87857FD05}.Release|Any CPU.ActiveCfg = Release|Any CPU
		{32FF091C-6C07-4CE2-9C09-F4F87857FD05}.Release|Any CPU.Build.0 = Release|Any CPU
	EndGlobalSection
	GlobalSection(SolutionProperties) = preSolution
		HideSolutionNode = FALSE
	EndGlobalSection
	GlobalSection(ExtensibilityGlobals) = postSolution
		SolutionGuid = {0D64E812-8929-4A40-AA7D-CD28DB67CA9C}
	EndGlobalSection
	GlobalSection(NestedProjects) = preSolution
		{E3AE3CD7-7ED4-4633-8090-3CD41918835C} = {66693D57-F35F-4E6D-8DBF-36DD4AB8372B}
		{59543ED8-19EA-4056-9271-173A7CB40496} = {66693D57-F35F-4E6D-8DBF-36DD4AB8372B}
		{DF1D0272-E121-40C6-AF57-09C8996DEDA0} = {153FE23F-6E33-429E-96BE-B9BFE5AAD89D}
		{FD6AFA3F-0BCF-46D8-999B-F936DA114158} = {DF1D0272-E121-40C6-AF57-09C8996DEDA0}
		{0F998B30-830C-4D2E-B235-36B80FA8EC35} = {153FE23F-6E33-429E-96BE-B9BFE5AAD89D}
		{51DAD1FE-A46D-4086-A58D-9EFF8011F46D} = {0F998B30-830C-4D2E-B235-36B80FA8EC35}
		{956F2452-5685-4D77-B15B-C9B7B43200A0} = {DF1D0272-E121-40C6-AF57-09C8996DEDA0}
		{08D100E3-7E5B-412A-9DF3-0E1B67B994D5} = {0F998B30-830C-4D2E-B235-36B80FA8EC35}
		{3C20436D-5D1E-4A91-9CC6-F55EEAA75C29} = {0F998B30-830C-4D2E-B235-36B80FA8EC35}
		{15C8FA3A-2A24-4F9B-A0B2-ED8955256B4C} = {77F0FE80-0985-4697-88B7-85380412E9B4}
		{0E0D8289-C585-46CF-8FEE-B26749767F72} = {6738607A-7B6D-4FE3-A4B8-E4F00D8B5F90}
		{66A2B01C-18C8-43C3-A9E3-C50BD7A796F1} = {6738607A-7B6D-4FE3-A4B8-E4F00D8B5F90}
		{A7BC6DAD-CD40-4B37-A381-757BBEB1C10C} = {5C1ED048-3305-4590-B20C-6B9C39AB304D}
		{6A07C055-DAFF-4411-B026-8D1F4A2F1D7B} = {DF1D0272-E121-40C6-AF57-09C8996DEDA0}
		{5AB4A382-0F0C-4CA4-9A5D-714194ACA4A4} = {0F998B30-830C-4D2E-B235-36B80FA8EC35}
		{458B3A36-56F0-4C73-ADD1-0710B639924C} = {153FE23F-6E33-429E-96BE-B9BFE5AAD89D}
		{62946790-9897-4876-96C5-227458324236} = {458B3A36-56F0-4C73-ADD1-0710B639924C}
		{32FF091C-6C07-4CE2-9C09-F4F87857FD05} = {DF1D0272-E121-40C6-AF57-09C8996DEDA0}
	EndGlobalSection
EndGlobal
